// !$*UTF8*$!
{
	archiveVersion = 1;
	classes = {
	};
	objectVersion = 46;
	objects = {

/* Begin PBXBuildFile section */
		044D389E1EEBD3620096EA32 /* TopTextFieldDelegate.swift in Sources */ = {isa = PBXBuildFile; fileRef = 044D389D1EEBD3620096EA32 /* TopTextFieldDelegate.swift */; };
		044D38A01EEBD5250096EA32 /* BottomTextFieldDelegate.swift in Sources */ = {isa = PBXBuildFile; fileRef = 044D389F1EEBD5250096EA32 /* BottomTextFieldDelegate.swift */; };
		044D38A21EED0B5E0096EA32 /* Meme.swift in Sources */ = {isa = PBXBuildFile; fileRef = 044D38A11EED0B5E0096EA32 /* Meme.swift */; };
		04D9F0491EE3B91D008DAB42 /* AppDelegate.swift in Sources */ = {isa = PBXBuildFile; fileRef = 04D9F0481EE3B91D008DAB42 /* AppDelegate.swift */; };
		04D9F04B1EE3B91D008DAB42 /* MemeEditorVC.swift in Sources */ = {isa = PBXBuildFile; fileRef = 04D9F04A1EE3B91D008DAB42 /* MemeEditorVC.swift */; };
		04D9F04E1EE3B91D008DAB42 /* Main.storyboard in Resources */ = {isa = PBXBuildFile; fileRef = 04D9F04C1EE3B91D008DAB42 /* Main.storyboard */; };
		04D9F0501EE3B91D008DAB42 /* Assets.xcassets in Resources */ = {isa = PBXBuildFile; fileRef = 04D9F04F1EE3B91D008DAB42 /* Assets.xcassets */; };
		04D9F0531EE3B91D008DAB42 /* LaunchScreen.storyboard in Resources */ = {isa = PBXBuildFile; fileRef = 04D9F0511EE3B91D008DAB42 /* LaunchScreen.storyboard */; };
/* End PBXBuildFile section */

/* Begin PBXFileReference section */
		044D389D1EEBD3620096EA32 /* TopTextFieldDelegate.swift */ = {isa = PBXFileReference; fileEncoding = 4; lastKnownFileType = sourcecode.swift; path = TopTextFieldDelegate.swift; sourceTree = "<group>"; };
		044D389F1EEBD5250096EA32 /* BottomTextFieldDelegate.swift */ = {isa = PBXFileReference; fileEncoding = 4; lastKnownFileType = sourcecode.swift; path = BottomTextFieldDelegate.swift; sourceTree = "<group>"; };
		044D38A11EED0B5E0096EA32 /* Meme.swift */ = {isa = PBXFileReference; fileEncoding = 4; lastKnownFileType = sourcecode.swift; path = Meme.swift; sourceTree = "<group>"; };
		04D9F0451EE3B91D008DAB42 /* MemeMe.app */ = {isa = PBXFileReference; explicitFileType = wrapper.application; includeInIndex = 0; path = MemeMe.app; sourceTree = BUILT_PRODUCTS_DIR; };
		04D9F0481EE3B91D008DAB42 /* AppDelegate.swift */ = {isa = PBXFileReference; lastKnownFileType = sourcecode.swift; path = AppDelegate.swift; sourceTree = "<group>"; };
		04D9F04A1EE3B91D008DAB42 /* MemeEditorVC.swift */ = {isa = PBXFileReference; lastKnownFileType = sourcecode.swift; path = MemeEditorVC.swift; sourceTree = "<group>"; };
		04D9F04D1EE3B91D008DAB42 /* Base */ = {isa = PBXFileReference; lastKnownFileType = file.storyboard; name = Base; path = Base.lproj/Main.storyboard; sourceTree = "<group>"; };
		04D9F04F1EE3B91D008DAB42 /* Assets.xcassets */ = {isa = PBXFileReference; lastKnownFileType = folder.assetcatalog; path = Assets.xcassets; sourceTree = "<group>"; };
		04D9F0521EE3B91D008DAB42 /* Base */ = {isa = PBXFileReference; lastKnownFileType = file.storyboard; name = Base; path = Base.lproj/LaunchScreen.storyboard; sourceTree = "<group>"; };
		04D9F0541EE3B91D008DAB42 /* Info.plist */ = {isa = PBXFileReference; lastKnownFileType = text.plist.xml; path = Info.plist; sourceTree = "<group>"; };
/* End PBXFileReference section */

/* Begin PBXFrameworksBuildPhase section */
		04D9F0421EE3B91D008DAB42 /* Frameworks */ = {
			isa = PBXFrameworksBuildPhase;
			buildActionMask = 2147483647;
			files = (
			);
			runOnlyForDeploymentPostprocessing = 0;
		};
/* End PBXFrameworksBuildPhase section */

/* Begin PBXGroup section */
		04D9F03C1EE3B91D008DAB42 = {
			isa = PBXGroup;
			children = (
				04D9F0471EE3B91D008DAB42 /* MemeMe */,
				04D9F0461EE3B91D008DAB42 /* Products */,
			);
			sourceTree = "<group>";
		};
		04D9F0461EE3B91D008DAB42 /* Products */ = {
			isa = PBXGroup;
			children = (
				04D9F0451EE3B91D008DAB42 /* MemeMe.app */,
			);
			name = Products;
			sourceTree = "<group>";
		};
		04D9F0471EE3B91D008DAB42 /* MemeMe */ = {
			isa = PBXGroup;
			children = (
				04D9F0481EE3B91D008DAB42 /* AppDelegate.swift */,
				04D9F04A1EE3B91D008DAB42 /* MemeEditorVC.swift */,
				044D38A11EED0B5E0096EA32 /* Meme.swift */,
				04D9F04C1EE3B91D008DAB42 /* Main.storyboard */,
				044D389D1EEBD3620096EA32 /* TopTextFieldDelegate.swift */,
				044D389F1EEBD5250096EA32 /* BottomTextFieldDelegate.swift */,
				04D9F04F1EE3B91D008DAB42 /* Assets.xcassets */,
				04D9F0511EE3B91D008DAB42 /* LaunchScreen.storyboard */,
				04D9F0541EE3B91D008DAB42 /* Info.plist */,
			);
			path = MemeMe;
			sourceTree = "<group>";
		};
/* End PBXGroup section */

/* Begin PBXNativeTarget section */
		04D9F0441EE3B91D008DAB42 /* MemeMe */ = {
			isa = PBXNativeTarget;
			buildConfigurationList = 04D9F0571EE3B91D008DAB42 /* Build configuration list for PBXNativeTarget "MemeMe" */;
			buildPhases = (
				04D9F0411EE3B91D008DAB42 /* Sources */,
				04D9F0421EE3B91D008DAB42 /* Frameworks */,
				04D9F0431EE3B91D008DAB42 /* Resources */,
			);
			buildRules = (
			);
			dependencies = (
			);
			name = MemeMe;
			productName = MemeMe;
			productReference = 04D9F0451EE3B91D008DAB42 /* MemeMe.app */;
			productType = "com.apple.product-type.application";
		};
/* End PBXNativeTarget section */

/* Begin PBXProject section */
		04D9F03D1EE3B91D008DAB42 /* Project object */ = {
			isa = PBXProject;
			attributes = {
				LastSwiftUpdateCheck = 0820;
				LastUpgradeCheck = 0820;
				ORGANIZATIONNAME = "Justin Gareau";
				TargetAttributes = {
					04D9F0441EE3B91D008DAB42 = {
						CreatedOnToolsVersion = 8.2;
						DevelopmentTeam = 24864XAC3K;
						ProvisioningStyle = Automatic;
					};
				};
			};
			buildConfigurationList = 04D9F0401EE3B91D008DAB42 /* Build configuration list for PBXProject "MemeMe" */;
			compatibilityVersion = "Xcode 3.2";
			developmentRegion = English;
			hasScannedForEncodings = 0;
			knownRegions = (
				en,
				Base,
			);
			mainGroup = 04D9F03C1EE3B91D008DAB42;
			productRefGroup = 04D9F0461EE3B91D008DAB42 /* Products */;
			projectDirPath = "";
			projectRoot = "";
			targets = (
				04D9F0441EE3B91D008DAB42 /* MemeMe */,
			);
		};
/* End PBXProject section */

/* Begin PBXResourcesBuildPhase section */
		04D9F0431EE3B91D008DAB42 /* Resources */ = {
			isa = PBXResourcesBuildPhase;
			buildActionMask = 2147483647;
			files = (
				04D9F0531EE3B91D008DAB42 /* LaunchScreen.storyboard in Resources */,
				04D9F0501EE3B91D008DAB42 /* Assets.xcassets in Resources */,
				04D9F04E1EE3B91D008DAB42 /* Main.storyboard in Resources */,
			);
			runOnlyForDeploymentPostprocessing = 0;
		};
/* End PBXResourcesBuildPhase section */

/* Begin PBXSourcesBuildPhase section */
		04D9F0411EE3B91D008DAB42 /* Sources */ = {
			isa = PBXSourcesBuildPhase;
			buildActionMask = 2147483647;
			files = (
				04D9F04B1EE3B91D008DAB42 /* MemeEditorVC.swift in Sources */,
				044D389E1EEBD3620096EA32 /* TopTextFieldDelegate.swift in Sources */,
				044D38A01EEBD5250096EA32 /* BottomTextFieldDelegate.swift in Sources */,
				04D9F0491EE3B91D008DAB42 /* AppDelegate.swift in Sources */,
				044D38A21EED0B5E0096EA32 /* Meme.swift in Sources */,
			);
			runOnlyForDeploymentPostprocessing = 0;
		};
/* End PBXSourcesBuildPhase section */

/* Begin PBXVariantGroup section */
		04D9F04C1EE3B91D008DAB42 /* Main.storyboard */ = {
			isa = PBXVariantGroup;
			children = (
				04D9F04D1EE3B91D008DAB42 /* Base */,
			);
			name = Main.storyboard;
			sourceTree = "<group>";
		};
		04D9F0511EE3B91D008DAB42 /* LaunchScreen.storyboard */ = {
			isa = PBXVariantGroup;
			children = (
				04D9F0521EE3B91D008DAB42 /* Base */,
			);
			name = LaunchScreen.storyboard;
			sourceTree = "<group>";
		};
/* End PBXVariantGroup section */

/* Begin XCBuildConfiguration section */
		04D9F0551EE3B91D008DAB42 /* Debug */ = {
			isa = XCBuildConfiguration;
			buildSettings = {
				ALWAYS_SEARCH_USER_PATHS = NO;
				CLANG_ANALYZER_NONNULL = YES;
				CLANG_CXX_LANGUAGE_STANDARD = "gnu++0x";
				CLANG_CXX_LIBRARY = "libc++";
				CLANG_ENABLE_MODULES = YES;
				CLANG_ENABLE_OBJC_ARC = YES;
				CLANG_WARN_BOOL_CONVERSION = YES;
				CLANG_WARN_CONSTANT_CONVERSION = YES;
				CLANG_WARN_DIRECT_OBJC_ISA_USAGE = YES_ERROR;
				CLANG_WARN_DOCUMENTATION_COMMENTS = YES;
				CLANG_WARN_EMPTY_BODY = YES;
				CLANG_WARN_ENUM_CONVERSION = YES;
				CLANG_WARN_INFINITE_RECURSION = YES;
				CLANG_WARN_INT_CONVERSION = YES;
				CLANG_WARN_OBJC_ROOT_CLASS = YES_ERROR;
				CLANG_WARN_SUSPICIOUS_MOVE = YES;
				CLANG_WARN_UNREACHABLE_CODE = YES;
				CLANG_WARN__DUPLICATE_METHOD_MATCH = YES;
				"CODE_SIGN_IDENTITY[sdk=iphoneos*]" = "iPhone Developer";
				COPY_PHASE_STRIP = NO;
				DEBUG_INFORMATION_FORMAT = dwarf;
				ENABLE_STRICT_OBJC_MSGSEND = YES;
				ENABLE_TESTABILITY = YES;
				GCC_C_LANGUAGE_STANDARD = gnu99;
				GCC_DYNAMIC_NO_PIC = NO;
				GCC_NO_COMMON_BLOCKS = YES;
				GCC_OPTIMIZATION_LEVEL = 0;
				GCC_PREPROCESSOR_DEFINITIONS = (
					"DEBUG=1",
					"$(inherited)",
				);
				GCC_WARN_64_TO_32_BIT_CONVERSION = YES;
				GCC_WARN_ABOUT_RETURN_TYPE = YES_ERROR;
				GCC_WARN_UNDECLARED_SELECTOR = YES;
				GCC_WARN_UNINITIALIZED_AUTOS = YES_AGGRESSIVE;
				GCC_WARN_UNUSED_FUNCTION = YES;
				GCC_WARN_UNUSED_VARIABLE = YES;
				IPHONEOS_DEPLOYMENT_TARGET = 10.2;
				MTL_ENABLE_DEBUG_INFO = YES;
				ONLY_ACTIVE_ARCH = YES;
				SDKROOT = iphoneos;
				SWIFT_ACTIVE_COMPILATION_CONDITIONS = DEBUG;
				SWIFT_OPTIMIZATION_LEVEL = "-Onone";
			};
			name = Debug;
		};
		04D9F0561EE3B91D008DAB42 /* Release */ = {
			isa = XCBuildConfiguration;
			buildSettings = {
				ALWAYS_SEARCH_USER_PATHS = NO;
				CLANG_ANALYZER_NONNULL = YES;
				CLANG_CXX_LANGUAGE_STANDARD = "gnu++0x";
				CLANG_CXX_LIBRARY = "libc++";
				CLANG_ENABLE_MODULES = YES;
				CLANG_ENABLE_OBJC_ARC = YES;
				CLANG_WARN_BOOL_CONVERSION = YES;
				CLANG_WARN_CONSTANT_CONVERSION = YES;
				CLANG_WARN_DIRECT_OBJC_ISA_USAGE = YES_ERROR;
				CLANG_WARN_DOCUMENTATION_COMMENTS = YES;
				CLANG_WARN_EMPTY_BODY = YES;
				CLANG_WARN_ENUM_CONVERSION = YES;
				CLANG_WARN_INFINITE_RECURSION = YES;
				CLANG_WARN_INT_CONVERSION = YES;
				CLANG_WARN_OBJC_ROOT_CLASS = YES_ERROR;
				CLANG_WARN_SUSPICIOUS_MOVE = YES;
				CLANG_WARN_UNREACHABLE_CODE = YES;
				CLANG_WARN__DUPLICATE_METHOD_MATCH = YES;
				"CODE_SIGN_IDENTITY[sdk=iphoneos*]" = "iPhone Developer";
				COPY_PHASE_STRIP = NO;
				DEBUG_INFORMATION_FORMAT = "dwarf-with-dsym";
				ENABLE_NS_ASSERTIONS = NO;
				ENABLE_STRICT_OBJC_MSGSEND = YES;
				GCC_C_LANGUAGE_STANDARD = gnu99;
				GCC_NO_COMMON_BLOCKS = YES;
				GCC_WARN_64_TO_32_BIT_CONVERSION = YES;
				GCC_WARN_ABOUT_RETURN_TYPE = YES_ERROR;
				GCC_WARN_UNDECLARED_SELECTOR = YES;
				GCC_WARN_UNINITIALIZED_AUTOS = YES_AGGRESSIVE;
				GCC_WARN_UNUSED_FUNCTION = YES;
				GCC_WARN_UNUSED_VARIABLE = YES;
				IPHONEOS_DEPLOYMENT_TARGET = 10.2;
				MTL_ENABLE_DEBUG_INFO = NO;
				SDKROOT = iphoneos;
				SWIFT_OPTIMIZATION_LEVEL = "-Owholemodule";
				VALIDATE_PRODUCT = YES;
			};
			name = Release;
		};
		04D9F0581EE3B91D008DAB42 /* Debug */ = {
			isa = XCBuildConfiguration;
			buildSettings = {
				ASSETCATALOG_COMPILER_APPICON_NAME = AppIcon;
				DEVELOPMENT_TEAM = 24864XAC3K;
				INFOPLIST_FILE = MemeMe/Info.plist;
				LD_RUNPATH_SEARCH_PATHS = "$(inherited) @executable_path/Frameworks";
				PRODUCT_BUNDLE_IDENTIFIER = com.tangareau.MemeMe;
				PRODUCT_NAME = "$(TARGET_NAME)";
				SWIFT_VERSION = 3.0;
			};
			name = Debug;
		};
		04D9F0591EE3B91D008DAB42 /* Release */ = {
			isa = XCBuildConfiguration;
			buildSettings = {
				ASSETCATALOG_COMPILER_APPICON_NAME = AppIcon;
				DEVELOPMENT_TEAM = 24864XAC3K;
				INFOPLIST_FILE = MemeMe/Info.plist;
				LD_RUNPATH_SEARCH_PATHS = "$(inherited) @executable_path/Frameworks";
				PRODUCT_BUNDLE_IDENTIFIER = com.tangareau.MemeMe;
				PRODUCT_NAME = "$(TARGET_NAME)";
				SWIFT_VERSION = 3.0;
			};
			name = Release;
		};
/* End XCBuildConfiguration section */

/* Begin XCConfigurationList section */
		04D9F0401EE3B91D008DAB42 /* Build configuration list for PBXProject "MemeMe" */ = {
			isa = XCConfigurationList;
			buildConfigurations = (
				04D9F0551EE3B91D008DAB42 /* Debug */,
				04D9F0561EE3B91D008DAB42 /* Release */,
			);
			defaultConfigurationIsVisible = 0;
			defaultConfigurationName = Release;
		};
		04D9F0571EE3B91D008DAB42 /* Build configuration list for PBXNativeTarget "MemeMe" */ = {
			isa = XCConfigurationList;
			buildConfigurations = (
				04D9F0581EE3B91D008DAB42 /* Debug */,
				04D9F0591EE3B91D008DAB42 /* Release */,
			);
			defaultConfigurationIsVisible = 0;
			defaultConfigurationName = Release;
		};
/* End XCConfigurationList section */
	};
	rootObject = 04D9F03D1EE3B91D008DAB42 /* Project object */;
}
